
Microsoft Visual Studio Solution File, Format Version 12.00
# Visual Studio Version 16
VisualStudioVersion = 16.0.30011.22
MinimumVisualStudioVersion = 10.0.40219.1
Project("{FAE04EC0-301F-11D3-BF4B-00C04F79EFBC}") = "BuecherListe", "BuecherListe\BuecherListe.csproj", "{4FB07D5C-3724-4398-A4D5-BC58BCFF7A01}"
EndProject
Global
	GlobalSection(SolutionConfigurationPlatforms) = preSolution
		Debug|Any CPU = Debug|Any CPU
		Release|Any CPU = Release|Any CPU
	EndGlobalSection
	GlobalSection(ProjectConfigurationPlatforms) = postSolution
		{4FB07D5C-3724-4398-A4D5-BC58BCFF7A01}.Debug|Any CPU.ActiveCfg = Debug|Any CPU
		{4FB07D5C-3724-4398-A4D5-BC58BCFF7A01}.Debug|Any CPU.Build.0 = Debug|Any CPU
		{4FB07D5C-3724-4398-A4D5-BC58BCFF7A01}.Release|Any CPU.ActiveCfg = Release|Any CPU
		{4FB07D5C-3724-4398-A4D5-BC58BCFF7A01}.Release|Any CPU.Build.0 = Release|Any CPU
	EndGlobalSection
	GlobalSection(SolutionProperties) = preSolution
		HideSolutionNode = FALSE
	EndGlobalSection
	GlobalSection(ExtensibilityGlobals) = postSolution
		SolutionGuid = {9E0737E4-26D3-4694-B1C3-454834BBE6D3}
	EndGlobalSection
EndGlobal
